
Microsoft Visual Studio Solution File, Format Version 12.00
# Visual Studio Version 16
VisualStudioVersion = 16.0.30406.217
MinimumVisualStudioVersion = 10.0.40219.1
Project("{FAE04EC0-301F-11D3-BF4B-00C04F79EFBC}") = "PassportGrantCounty", "PassportGrantCounty\PassportGrantCounty.csproj", "{70AEC0C7-E0CD-4A24-94C5-11A7F8E7CF9A}"
EndProject
Project("{FAE04EC0-301F-11D3-BF4B-00C04F79EFBC}") = "Passport.Data", "Passport.Data\Passport.Data.csproj", "{7535510B-F49E-4C57-98CF-5A2304121AC7}"
EndProject
Project("{FAE04EC0-301F-11D3-BF4B-00C04F79EFBC}") = "Passport.Models", "Passport.Models\Passport.Models.csproj", "{8950AACE-3754-438E-8B08-A0BD8F1745BD}"
EndProject
Project("{FAE04EC0-301F-11D3-BF4B-00C04F79EFBC}") = "Passport.Services", "Passport.Services\Passport.Services.csproj", "{770D9AF9-8FF7-43F0-842A-B894E169F7D5}"
EndProject
Project("{FAE04EC0-301F-11D3-BF4B-00C04F79EFBC}") = "Passport.Contracts", "Passport.Contracts\Passport.Contracts.csproj", "{A6BED41C-29C9-40A9-BD2B-4A96E4F6A38F}"
EndProject
Global
	GlobalSection(SolutionConfigurationPlatforms) = preSolution
		Debug|Any CPU = Debug|Any CPU
		Release|Any CPU = Release|Any CPU
	EndGlobalSection
	GlobalSection(ProjectConfigurationPlatforms) = postSolution
		{70AEC0C7-E0CD-4A24-94C5-11A7F8E7CF9A}.Debug|Any CPU.ActiveCfg = Debug|Any CPU
		{70AEC0C7-E0CD-4A24-94C5-11A7F8E7CF9A}.Debug|Any CPU.Build.0 = Debug|Any CPU
		{70AEC0C7-E0CD-4A24-94C5-11A7F8E7CF9A}.Release|Any CPU.ActiveCfg = Release|Any CPU
		{70AEC0C7-E0CD-4A24-94C5-11A7F8E7CF9A}.Release|Any CPU.Build.0 = Release|Any CPU
		{7535510B-F49E-4C57-98CF-5A2304121AC7}.Debug|Any CPU.ActiveCfg = Debug|Any CPU
		{7535510B-F49E-4C57-98CF-5A2304121AC7}.Debug|Any CPU.Build.0 = Debug|Any CPU
		{7535510B-F49E-4C57-98CF-5A2304121AC7}.Release|Any CPU.ActiveCfg = Release|Any CPU
		{7535510B-F49E-4C57-98CF-5A2304121AC7}.Release|Any CPU.Build.0 = Release|Any CPU
		{8950AACE-3754-438E-8B08-A0BD8F1745BD}.Debug|Any CPU.ActiveCfg = Debug|Any CPU
		{8950AACE-3754-438E-8B08-A0BD8F1745BD}.Debug|Any CPU.Build.0 = Debug|Any CPU
		{8950AACE-3754-438E-8B08-A0BD8F1745BD}.Release|Any CPU.ActiveCfg = Release|Any CPU
		{8950AACE-3754-438E-8B08-A0BD8F1745BD}.Release|Any CPU.Build.0 = Release|Any CPU
		{770D9AF9-8FF7-43F0-842A-B894E169F7D5}.Debug|Any CPU.ActiveCfg = Debug|Any CPU
		{770D9AF9-8FF7-43F0-842A-B894E169F7D5}.Debug|Any CPU.Build.0 = Debug|Any CPU
		{770D9AF9-8FF7-43F0-842A-B894E169F7D5}.Release|Any CPU.ActiveCfg = Release|Any CPU
		{770D9AF9-8FF7-43F0-842A-B894E169F7D5}.Release|Any CPU.Build.0 = Release|Any CPU
		{A6BED41C-29C9-40A9-BD2B-4A96E4F6A38F}.Debug|Any CPU.ActiveCfg = Debug|Any CPU
		{A6BED41C-29C9-40A9-BD2B-4A96E4F6A38F}.Debug|Any CPU.Build.0 = Debug|Any CPU
		{A6BED41C-29C9-40A9-BD2B-4A96E4F6A38F}.Release|Any CPU.ActiveCfg = Release|Any CPU
		{A6BED41C-29C9-40A9-BD2B-4A96E4F6A38F}.Release|Any CPU.Build.0 = Release|Any CPU
	EndGlobalSection
	GlobalSection(SolutionProperties) = preSolution
		HideSolutionNode = FALSE
	EndGlobalSection
	GlobalSection(ExtensibilityGlobals) = postSolution
		SolutionGuid = {A389AD80-C53A-47B0-AF53-87A7C8769DB0}
	EndGlobalSection
EndGlobal
